step: 08.01
title: Flutter setup verification
status: complete
details:
  - flutter pub get: succeeded
  - flutter analyze: no issues reported
next_steps:
  - Proceed to manual preview verification using the running emulator/simulator link.
  - Validate core flows visually:
    * App launch -> Lock screen authentication (biometric/PIN) if enabled
    * Home screen loads with folders list or empty state
    * Navigate into a folder -> document list/empty state
    * Upload flow via FAB (mocked if backend not connected)
    * Document tile open -> document view
    * Share action triggers OS share sheet
    * Lock icon interaction returns to lock screen
  - Capture screenshots and note any UI or interaction issues.
environment:
  container: flutter_frontend
  workspace: secure-document-wallet-224188-224197
  emulator_url: https://appetize.io/embed/m7wc6r35jhcphze6sfq6vyn3be
timestamp: 2025-11-13T00:00:00Z
